
Microsoft Visual Studio Solution File, Format Version 12.00
# Visual Studio Version 17
VisualStudioVersion = 17.10.35027.167
MinimumVisualStudioVersion = 10.0.40219.1
Project("{FAE04EC0-301F-11D3-BF4B-00C04F79EFBC}") = "OT.Blazor", "OT.Blazor\OT.Blazor.csproj", "{7DE2D7C0-E8F0-4794-9076-EF9AC901740C}"
EndProject
Global
	GlobalSection(SolutionConfigurationPlatforms) = preSolution
		Debug|Any CPU = Debug|Any CPU
		Release|Any CPU = Release|Any CPU
	EndGlobalSection
	GlobalSection(ProjectConfigurationPlatforms) = postSolution
		{7DE2D7C0-E8F0-4794-9076-EF9AC901740C}.Debug|Any CPU.ActiveCfg = Debug|Any CPU
		{7DE2D7C0-E8F0-4794-9076-EF9AC901740C}.Debug|Any CPU.Build.0 = Debug|Any CPU
		{7DE2D7C0-E8F0-4794-9076-EF9AC901740C}.Release|Any CPU.ActiveCfg = Release|Any CPU
		{7DE2D7C0-E8F0-4794-9076-EF9AC901740C}.Release|Any CPU.Build.0 = Release|Any CPU
	EndGlobalSection
	GlobalSection(SolutionProperties) = preSolution
		HideSolutionNode = FALSE
	EndGlobalSection
	GlobalSection(ExtensibilityGlobals) = postSolution
		SolutionGuid = {A54217A9-46BE-4399-909B-F2880AD395F5}
	EndGlobalSection
EndGlobal
